
Microsoft Visual Studio Solution File, Format Version 12.00
# Visual Studio Version 17
VisualStudioVersion = 17.4.33403.182
MinimumVisualStudioVersion = 10.0.40219.1
Project("{FAE04EC0-301F-11D3-BF4B-00C04F79EFBC}") = "BaltaDesafio2", "BaltaDesafio2\BaltaDesafio2.csproj", "{241C29E2-1EC2-432C-90B7-1184319A88F1}"
EndProject
Global
	GlobalSection(SolutionConfigurationPlatforms) = preSolution
		Debug|Any CPU = Debug|Any CPU
		Release|Any CPU = Release|Any CPU
	EndGlobalSection
	GlobalSection(ProjectConfigurationPlatforms) = postSolution
		{241C29E2-1EC2-432C-90B7-1184319A88F1}.Debug|Any CPU.ActiveCfg = Debug|Any CPU
		{241C29E2-1EC2-432C-90B7-1184319A88F1}.Debug|Any CPU.Build.0 = Debug|Any CPU
		{241C29E2-1EC2-432C-90B7-1184319A88F1}.Release|Any CPU.ActiveCfg = Release|Any CPU
		{241C29E2-1EC2-432C-90B7-1184319A88F1}.Release|Any CPU.Build.0 = Release|Any CPU
	EndGlobalSection
	GlobalSection(SolutionProperties) = preSolution
		HideSolutionNode = FALSE
	EndGlobalSection
	GlobalSection(ExtensibilityGlobals) = postSolution
		SolutionGuid = {4B75F8CA-7F3B-4F4D-8339-EDDE042E71A6}
	EndGlobalSection
EndGlobal
